{
  "version": 4,
  "terraform_version": "1.9.5",
  "serial": 6,
  "lineage": "c7afe711-9316-b1b2-7b4b-4d67cdd93d8a",
  "outputs": {},
  "resources": [
    {
      "mode": "managed",
      "type": "azurerm_resource_group",
      "name": "andre-savedra-robot-t2-group",
      "provider": "provider[\"registry.terraform.io/hashicorp/azurerm\"]",
      "instances": [
        {
          "schema_version": 0,
          "attributes": {
            "id": "/subscriptions/481c1d25-e4df-4209-9f20-6d3c0c28a214/resourceGroups/andre-savedra-robot-t2-group",
            "location": "eastus2",
            "managed_by": "",
            "name": "andre-savedra-robot-t2-group",
            "tags": {},
            "timeouts": null
          },
          "sensitive_attributes": [],
          "private": "eyJlMmJmYjczMC1lY2FhLTExZTYtOGY4OC0zNDM2M2JjN2M0YzAiOnsiY3JlYXRlIjo1NDAwMDAwMDAwMDAwLCJkZWxldGUiOjU0MDAwMDAwMDAwMDAsInJlYWQiOjMwMDAwMDAwMDAwMCwidXBkYXRlIjo1NDAwMDAwMDAwMDAwfX0="
        }
      ]
    },
    {
      "mode": "managed",
      "type": "azurerm_service_plan",
      "name": "andre-savedra-robot-t2-sp",
      "provider": "provider[\"registry.terraform.io/hashicorp/azurerm\"]",
      "instances": [
        {
          "schema_version": 1,
          "attributes": {
            "app_service_environment_id": "",
            "id": "/subscriptions/481c1d25-e4df-4209-9f20-6d3c0c28a214/resourceGroups/andre-savedra-robot-t2-group/providers/Microsoft.Web/serverFarms/andre-savedra-robot-t2-sp",
            "kind": "app",
            "location": "eastus2",
            "maximum_elastic_worker_count": 1,
            "name": "andre-savedra-robot-t2-sp",
            "os_type": "Windows",
            "per_site_scaling_enabled": false,
            "reserved": false,
            "resource_group_name": "andre-savedra-robot-t2-group",
            "sku_name": "F1",
            "tags": null,
            "timeouts": null,
            "worker_count": 0,
            "zone_balancing_enabled": false
          },
          "sensitive_attributes": [],
          "private": "eyJlMmJmYjczMC1lY2FhLTExZTYtOGY4OC0zNDM2M2JjN2M0YzAiOnsiY3JlYXRlIjozNjAwMDAwMDAwMDAwLCJkZWxldGUiOjM2MDAwMDAwMDAwMDAsInJlYWQiOjMwMDAwMDAwMDAwMCwidXBkYXRlIjozNjAwMDAwMDAwMDAwfSwic2NoZW1hX3ZlcnNpb24iOiIxIn0=",
          "dependencies": [
            "azurerm_resource_group.andre-savedra-robot-t2-group"
          ]
        }
      ]
    },
    {
      "mode": "managed",
      "type": "azurerm_windows_web_app",
      "name": "andre-savedra-robot-t2-app",
      "provider": "provider[\"registry.terraform.io/hashicorp/azurerm\"]",
      "instances": [
        {
          "schema_version": 1,
          "attributes": {
            "app_settings": null,
            "auth_settings": [],
            "auth_settings_v2": [],
            "backup": [],
            "client_affinity_enabled": false,
            "client_certificate_enabled": false,
            "client_certificate_exclusion_paths": "",
            "client_certificate_mode": "Required",
            "connection_string": [],
            "custom_domain_verification_id": "AAF57CBAE38FFC9BFA90CC37DAFA24E4AB8A00C1FD178FF9CF3041B61BCF00B0",
            "default_hostname": "andre-savedra-robot-t2-app.azurewebsites.net",
            "enabled": true,
            "ftp_publish_basic_authentication_enabled": true,
            "hosting_environment_id": "",
            "https_only": false,
            "id": "/subscriptions/481c1d25-e4df-4209-9f20-6d3c0c28a214/resourceGroups/andre-savedra-robot-t2-group/providers/Microsoft.Web/sites/andre-savedra-robot-t2-app",
            "identity": [],
            "key_vault_reference_identity_id": "SystemAssigned",
            "kind": "app",
            "location": "eastus2",
            "logs": [],
            "name": "andre-savedra-robot-t2-app",
            "outbound_ip_address_list": [
              "20.72.95.40",
              "20.85.18.142",
              "20.85.18.188",
              "20.85.18.237",
              "20.85.17.29",
              "20.85.19.48",
              "20.49.97.32"
            ],
            "outbound_ip_addresses": "20.72.95.40,20.85.18.142,20.85.18.188,20.85.18.237,20.85.17.29,20.85.19.48,20.49.97.32",
            "possible_outbound_ip_address_list": [
              "20.72.95.40",
              "20.85.18.142",
              "20.85.18.188",
              "20.85.18.237",
              "20.85.17.29",
              "20.85.19.48",
              "20.85.19.68",
              "20.85.20.60",
              "20.85.20.80",
              "20.85.20.108",
              "20.85.20.247",
              "20.85.16.89",
              "20.85.21.29",
              "20.85.21.193",
              "20.85.22.36",
              "20.85.22.49",
              "20.85.22.121",
              "20.72.94.96",
              "20.85.19.106",
              "20.85.23.8",
              "20.85.23.93",
              "20.85.23.151",
              "20.85.23.154",
              "20.85.23.157",
              "20.85.23.165",
              "20.85.23.169",
              "20.85.23.210",
              "20.85.23.249",
              "20.94.120.3",
              "20.94.120.12",
              "20.49.97.32"
            ],
            "possible_outbound_ip_addresses": "20.72.95.40,20.85.18.142,20.85.18.188,20.85.18.237,20.85.17.29,20.85.19.48,20.85.19.68,20.85.20.60,20.85.20.80,20.85.20.108,20.85.20.247,20.85.16.89,20.85.21.29,20.85.21.193,20.85.22.36,20.85.22.49,20.85.22.121,20.72.94.96,20.85.19.106,20.85.23.8,20.85.23.93,20.85.23.151,20.85.23.154,20.85.23.157,20.85.23.165,20.85.23.169,20.85.23.210,20.85.23.249,20.94.120.3,20.94.120.12,20.49.97.32",
            "public_network_access_enabled": true,
            "resource_group_name": "andre-savedra-robot-t2-group",
            "service_plan_id": "/subscriptions/481c1d25-e4df-4209-9f20-6d3c0c28a214/resourceGroups/andre-savedra-robot-t2-group/providers/Microsoft.Web/serverFarms/andre-savedra-robot-t2-sp",
            "site_config": [
              {
                "always_on": false,
                "api_definition_url": "",
                "api_management_api_id": "",
                "app_command_line": "",
                "application_stack": [
                  {
                    "current_stack": "",
                    "docker_image_name": "",
                    "docker_registry_password": "",
                    "docker_registry_url": "",
                    "docker_registry_username": "",
                    "dotnet_core_version": "",
                    "dotnet_version": "v4.0",
                    "java_container": "",
                    "java_container_version": "",
                    "java_embedded_server_enabled": false,
                    "java_version": "",
                    "node_version": "",
                    "php_version": "5.6",
                    "python": false,
                    "tomcat_version": ""
                  }
                ],
                "auto_heal_setting": [],
                "container_registry_managed_identity_client_id": "",
                "container_registry_use_managed_identity": false,
                "cors": [],
                "default_documents": [
                  "Default.htm",
                  "Default.html",
                  "Default.asp",
                  "index.htm",
                  "index.html",
                  "iisstart.htm",
                  "default.aspx",
                  "index.php",
                  "hostingstart.html"
                ],
                "detailed_error_logging_enabled": false,
                "ftps_state": "Disabled",
                "handler_mapping": [],
                "health_check_eviction_time_in_min": 0,
                "health_check_path": "",
                "http2_enabled": false,
                "ip_restriction": [],
                "ip_restriction_default_action": "Allow",
                "linux_fx_version": "",
                "load_balancing_mode": "LeastRequests",
                "local_mysql_enabled": false,
                "managed_pipeline_mode": "Integrated",
                "minimum_tls_version": "1.2",
                "remote_debugging_enabled": false,
                "remote_debugging_version": "VS2022",
                "scm_ip_restriction": [],
                "scm_ip_restriction_default_action": "Allow",
                "scm_minimum_tls_version": "1.2",
                "scm_type": "None",
                "scm_use_main_ip_restriction": false,
                "use_32_bit_worker": true,
                "virtual_application": [],
                "vnet_route_all_enabled": false,
                "websockets_enabled": false,
                "windows_fx_version": "",
                "worker_count": 1
              }
            ],
            "site_credential": [
              {
                "name": "$andre-savedra-robot-t2-app",
                "password": "pGGh9W6zhpoj6GqRKNEvrYTWKHbahACeWmFL5qT7r9kGQBw7szSibPflSKDr"
              }
            ],
            "sticky_settings": [],
            "storage_account": [],
            "tags": null,
            "timeouts": null,
            "virtual_network_subnet_id": "",
            "webdeploy_publish_basic_authentication_enabled": true,
            "zip_deploy_file": ""
          },
          "sensitive_attributes": [
            [
              {
                "type": "get_attr",
                "value": "site_credential"
              }
            ],
            [
              {
                "type": "get_attr",
                "value": "site_config"
              },
              {
                "type": "index",
                "value": {
                  "value": 0,
                  "type": "number"
                }
              },
              {
                "type": "get_attr",
                "value": "application_stack"
              },
              {
                "type": "index",
                "value": {
                  "value": 0,
                  "type": "number"
                }
              },
              {
                "type": "get_attr",
                "value": "docker_registry_password"
              }
            ],
            [
              {
                "type": "get_attr",
                "value": "custom_domain_verification_id"
              }
            ]
          ],
          "private": "eyJlMmJmYjczMC1lY2FhLTExZTYtOGY4OC0zNDM2M2JjN2M0YzAiOnsiY3JlYXRlIjoxODAwMDAwMDAwMDAwLCJkZWxldGUiOjE4MDAwMDAwMDAwMDAsInJlYWQiOjMwMDAwMDAwMDAwMCwidXBkYXRlIjoxODAwMDAwMDAwMDAwfSwic2NoZW1hX3ZlcnNpb24iOiIxIn0=",
          "dependencies": [
            "azurerm_resource_group.andre-savedra-robot-t2-group",
            "azurerm_service_plan.andre-savedra-robot-t2-sp"
          ]
        }
      ]
    }
  ],
  "check_results": null
}
