{
  "version": 4,
  "terraform_version": "1.9.5",
  "serial": 17,
  "lineage": "4c41d159-7977-52e3-00f8-278294fe96f5",
  "outputs": {},
  "resources": [
    {
      "mode": "managed",
      "type": "azurerm_resource_group",
      "name": "andre-savedra-robot-tB2-group",
      "provider": "provider[\"registry.terraform.io/hashicorp/azurerm\"]",
      "instances": [
        {
          "schema_version": 0,
          "attributes": {
            "id": "/subscriptions/250ae9c3-6c33-4030-b72a-ed22fce22920/resourceGroups/andre-savedra-robot-tB2-group",
            "location": "eastus2",
            "managed_by": "",
            "name": "andre-savedra-robot-tB2-group",
            "tags": null,
            "timeouts": null
          },
          "sensitive_attributes": [],
          "private": "eyJlMmJmYjczMC1lY2FhLTExZTYtOGY4OC0zNDM2M2JjN2M0YzAiOnsiY3JlYXRlIjo1NDAwMDAwMDAwMDAwLCJkZWxldGUiOjU0MDAwMDAwMDAwMDAsInJlYWQiOjMwMDAwMDAwMDAwMCwidXBkYXRlIjo1NDAwMDAwMDAwMDAwfX0="
        }
      ]
    },
    {
      "mode": "managed",
      "type": "azurerm_service_plan",
      "name": "andre-savedra-robot-tB2-sp",
      "provider": "provider[\"registry.terraform.io/hashicorp/azurerm\"]",
      "instances": [
        {
          "schema_version": 1,
          "attributes": {
            "app_service_environment_id": "",
            "id": "/subscriptions/250ae9c3-6c33-4030-b72a-ed22fce22920/resourceGroups/andre-savedra-robot-tB2-group/providers/Microsoft.Web/serverFarms/andre-savedra-robot-tB2-sp",
            "kind": "app",
            "location": "eastus2",
            "maximum_elastic_worker_count": 1,
            "name": "andre-savedra-robot-tB2-sp",
            "os_type": "Windows",
            "per_site_scaling_enabled": false,
            "reserved": false,
            "resource_group_name": "andre-savedra-robot-tB2-group",
            "sku_name": "S1",
            "tags": null,
            "timeouts": null,
            "worker_count": 1,
            "zone_balancing_enabled": false
          },
          "sensitive_attributes": [],
          "private": "eyJlMmJmYjczMC1lY2FhLTExZTYtOGY4OC0zNDM2M2JjN2M0YzAiOnsiY3JlYXRlIjozNjAwMDAwMDAwMDAwLCJkZWxldGUiOjM2MDAwMDAwMDAwMDAsInJlYWQiOjMwMDAwMDAwMDAwMCwidXBkYXRlIjozNjAwMDAwMDAwMDAwfSwic2NoZW1hX3ZlcnNpb24iOiIxIn0=",
          "dependencies": [
            "azurerm_resource_group.andre-savedra-robot-tB2-group"
          ]
        }
      ]
    },
    {
      "mode": "managed",
      "type": "azurerm_windows_web_app",
      "name": "andre-savedra-robot-tB2-app",
      "provider": "provider[\"registry.terraform.io/hashicorp/azurerm\"]",
      "instances": [
        {
          "schema_version": 1,
          "attributes": {
            "app_settings": null,
            "auth_settings": [],
            "auth_settings_v2": [],
            "backup": [],
            "client_affinity_enabled": false,
            "client_certificate_enabled": false,
            "client_certificate_exclusion_paths": "",
            "client_certificate_mode": "Required",
            "connection_string": [],
            "custom_domain_verification_id": "A20FD1DD24553625936AB5B41DE2EF7587D48487C39A0BACDD28821A1F09571F",
            "default_hostname": "andre-savedra-robot-tb2-app.azurewebsites.net",
            "enabled": true,
            "ftp_publish_basic_authentication_enabled": true,
            "hosting_environment_id": "",
            "https_only": false,
            "id": "/subscriptions/250ae9c3-6c33-4030-b72a-ed22fce22920/resourceGroups/andre-savedra-robot-tB2-group/providers/Microsoft.Web/sites/andre-savedra-robot-tB2-app",
            "identity": [],
            "key_vault_reference_identity_id": "SystemAssigned",
            "kind": "app",
            "location": "eastus2",
            "logs": [],
            "name": "andre-savedra-robot-tB2-app",
            "outbound_ip_address_list": [
              "20.7.123.212",
              "20.7.123.115",
              "4.153.54.161",
              "20.7.124.28",
              "20.7.124.73",
              "20.7.124.114",
              "20.7.121.99",
              "20.7.126.113",
              "20.7.126.122",
              "20.7.126.157",
              "20.7.126.167",
              "20.7.126.198",
              "20.7.126.201",
              "20.7.126.216",
              "20.7.126.253",
              "20.7.127.28",
              "20.7.127.63",
              "20.7.120.205",
              "20.119.144.20"
            ],
            "outbound_ip_addresses": "20.7.123.212,20.7.123.115,4.153.54.161,20.7.124.28,20.7.124.73,20.7.124.114,20.7.121.99,20.7.126.113,20.7.126.122,20.7.126.157,20.7.126.167,20.7.126.198,20.7.126.201,20.7.126.216,20.7.126.253,20.7.127.28,20.7.127.63,20.7.120.205,20.119.144.20",
            "possible_outbound_ip_address_list": [
              "20.7.123.212",
              "20.7.123.115",
              "4.153.54.161",
              "20.7.124.28",
              "20.7.124.73",
              "20.7.124.114",
              "20.7.121.99",
              "20.7.126.113",
              "20.7.126.122",
              "20.7.126.157",
              "20.7.126.167",
              "20.7.126.198",
              "20.7.126.201",
              "20.7.126.216",
              "20.7.126.253",
              "20.7.127.28",
              "20.7.127.63",
              "20.7.120.205",
              "20.7.124.140",
              "20.7.124.176",
              "20.7.125.15",
              "20.7.125.109",
              "20.7.125.137",
              "20.7.125.194",
              "20.7.125.220",
              "4.153.54.101",
              "20.7.126.31",
              "20.7.126.55",
              "4.153.54.164",
              "20.7.121.157",
              "172.175.21.170",
              "172.175.17.194",
              "20.7.122.37",
              "4.153.54.47",
              "4.153.55.169",
              "20.7.122.219",
              "20.7.121.99",
              "20.7.126.113",
              "20.7.126.122",
              "20.7.126.157",
              "20.7.126.167",
              "20.7.126.198",
              "20.7.126.201",
              "20.7.126.216",
              "20.7.126.253",
              "20.7.127.28",
              "20.7.127.63",
              "20.7.120.205",
              "20.7.125.162",
              "20.7.121.146",
              "20.7.125.193",
              "20.7.125.119",
              "20.7.125.202",
              "20.7.125.240",
              "20.119.144.20"
            ],
            "possible_outbound_ip_addresses": "20.7.123.212,20.7.123.115,4.153.54.161,20.7.124.28,20.7.124.73,20.7.124.114,20.7.121.99,20.7.126.113,20.7.126.122,20.7.126.157,20.7.126.167,20.7.126.198,20.7.126.201,20.7.126.216,20.7.126.253,20.7.127.28,20.7.127.63,20.7.120.205,20.7.124.140,20.7.124.176,20.7.125.15,20.7.125.109,20.7.125.137,20.7.125.194,20.7.125.220,4.153.54.101,20.7.126.31,20.7.126.55,4.153.54.164,20.7.121.157,172.175.21.170,172.175.17.194,20.7.122.37,4.153.54.47,4.153.55.169,20.7.122.219,20.7.121.99,20.7.126.113,20.7.126.122,20.7.126.157,20.7.126.167,20.7.126.198,20.7.126.201,20.7.126.216,20.7.126.253,20.7.127.28,20.7.127.63,20.7.120.205,20.7.125.162,20.7.121.146,20.7.125.193,20.7.125.119,20.7.125.202,20.7.125.240,20.119.144.20",
            "public_network_access_enabled": true,
            "resource_group_name": "andre-savedra-robot-tB2-group",
            "service_plan_id": "/subscriptions/250ae9c3-6c33-4030-b72a-ed22fce22920/resourceGroups/andre-savedra-robot-tB2-group/providers/Microsoft.Web/serverFarms/andre-savedra-robot-tB2-sp",
            "site_config": [
              {
                "always_on": false,
                "api_definition_url": "",
                "api_management_api_id": "",
                "app_command_line": "",
                "application_stack": [
                  {
                    "current_stack": "",
                    "docker_image_name": "",
                    "docker_registry_password": "",
                    "docker_registry_url": "",
                    "docker_registry_username": "",
                    "dotnet_core_version": "",
                    "dotnet_version": "v4.0",
                    "java_container": "",
                    "java_container_version": "",
                    "java_embedded_server_enabled": false,
                    "java_version": "",
                    "node_version": "",
                    "php_version": "5.6",
                    "python": false,
                    "tomcat_version": ""
                  }
                ],
                "auto_heal_setting": [],
                "container_registry_managed_identity_client_id": "",
                "container_registry_use_managed_identity": false,
                "cors": [],
                "default_documents": [
                  "Default.htm",
                  "Default.html",
                  "Default.asp",
                  "index.htm",
                  "index.html",
                  "iisstart.htm",
                  "default.aspx",
                  "index.php",
                  "hostingstart.html"
                ],
                "detailed_error_logging_enabled": false,
                "ftps_state": "Disabled",
                "handler_mapping": [],
                "health_check_eviction_time_in_min": 0,
                "health_check_path": "",
                "http2_enabled": false,
                "ip_restriction": [],
                "ip_restriction_default_action": "Allow",
                "linux_fx_version": "",
                "load_balancing_mode": "LeastRequests",
                "local_mysql_enabled": false,
                "managed_pipeline_mode": "Integrated",
                "minimum_tls_version": "1.2",
                "remote_debugging_enabled": false,
                "remote_debugging_version": "VS2022",
                "scm_ip_restriction": [],
                "scm_ip_restriction_default_action": "Allow",
                "scm_minimum_tls_version": "1.2",
                "scm_type": "None",
                "scm_use_main_ip_restriction": false,
                "use_32_bit_worker": true,
                "virtual_application": [],
                "vnet_route_all_enabled": false,
                "websockets_enabled": false,
                "windows_fx_version": "",
                "worker_count": 1
              }
            ],
            "site_credential": [
              {
                "name": "$andre-savedra-robot-tB2-app",
                "password": "ga7sTTtWQLZJfWy6x5Sr6mskyZKEDTFJ0BawH3N9BW5v0hTE7vHiygHhmETL"
              }
            ],
            "sticky_settings": [],
            "storage_account": [],
            "tags": null,
            "timeouts": null,
            "virtual_network_subnet_id": "",
            "webdeploy_publish_basic_authentication_enabled": true,
            "zip_deploy_file": ""
          },
          "sensitive_attributes": [
            [
              {
                "type": "get_attr",
                "value": "site_credential"
              }
            ],
            [
              {
                "type": "get_attr",
                "value": "custom_domain_verification_id"
              }
            ],
            [
              {
                "type": "get_attr",
                "value": "site_config"
              },
              {
                "type": "index",
                "value": {
                  "value": 0,
                  "type": "number"
                }
              },
              {
                "type": "get_attr",
                "value": "application_stack"
              },
              {
                "type": "index",
                "value": {
                  "value": 0,
                  "type": "number"
                }
              },
              {
                "type": "get_attr",
                "value": "docker_registry_password"
              }
            ]
          ],
          "private": "eyJlMmJmYjczMC1lY2FhLTExZTYtOGY4OC0zNDM2M2JjN2M0YzAiOnsiY3JlYXRlIjoxODAwMDAwMDAwMDAwLCJkZWxldGUiOjE4MDAwMDAwMDAwMDAsInJlYWQiOjMwMDAwMDAwMDAwMCwidXBkYXRlIjoxODAwMDAwMDAwMDAwfSwic2NoZW1hX3ZlcnNpb24iOiIxIn0=",
          "dependencies": [
            "azurerm_resource_group.andre-savedra-robot-tB2-group",
            "azurerm_service_plan.andre-savedra-robot-tB2-sp"
          ]
        }
      ]
    },
    {
      "mode": "managed",
      "type": "azurerm_windows_web_app_slot",
      "name": "andre-savedra-robot-tB2-app-QA",
      "provider": "provider[\"registry.terraform.io/hashicorp/azurerm\"]",
      "instances": [
        {
          "schema_version": 1,
          "attributes": {
            "app_service_id": "/subscriptions/250ae9c3-6c33-4030-b72a-ed22fce22920/resourceGroups/andre-savedra-robot-tB2-group/providers/Microsoft.Web/sites/andre-savedra-robot-tB2-app",
            "app_settings": null,
            "auth_settings": [],
            "auth_settings_v2": [],
            "backup": [],
            "client_affinity_enabled": false,
            "client_certificate_enabled": false,
            "client_certificate_exclusion_paths": "",
            "client_certificate_mode": "Required",
            "connection_string": [],
            "custom_domain_verification_id": "A20FD1DD24553625936AB5B41DE2EF7587D48487C39A0BACDD28821A1F09571F",
            "default_hostname": "andre-savedra-robot-tb2-app-andre-savedra-robot-tb2-app-qa.azurewebsites.net",
            "enabled": true,
            "ftp_publish_basic_authentication_enabled": true,
            "hosting_environment_id": "",
            "https_only": false,
            "id": "/subscriptions/250ae9c3-6c33-4030-b72a-ed22fce22920/resourceGroups/andre-savedra-robot-tB2-group/providers/Microsoft.Web/sites/andre-savedra-robot-tB2-app/slots/andre-savedra-robot-tB2-app-QA",
            "identity": [],
            "key_vault_reference_identity_id": "SystemAssigned",
            "kind": "app",
            "logs": [],
            "name": "andre-savedra-robot-tB2-app-QA",
            "outbound_ip_address_list": [
              "20.7.123.212",
              "20.7.123.115",
              "4.153.54.161",
              "20.7.124.28",
              "20.7.124.73",
              "20.7.124.114",
              "20.7.121.99",
              "20.7.126.113",
              "20.7.126.122",
              "20.7.126.157",
              "20.7.126.167",
              "20.7.126.198",
              "20.7.126.201",
              "20.7.126.216",
              "20.7.126.253",
              "20.7.127.28",
              "20.7.127.63",
              "20.7.120.205",
              "20.119.144.20"
            ],
            "outbound_ip_addresses": "20.7.123.212,20.7.123.115,4.153.54.161,20.7.124.28,20.7.124.73,20.7.124.114,20.7.121.99,20.7.126.113,20.7.126.122,20.7.126.157,20.7.126.167,20.7.126.198,20.7.126.201,20.7.126.216,20.7.126.253,20.7.127.28,20.7.127.63,20.7.120.205,20.119.144.20",
            "possible_outbound_ip_address_list": [
              "20.7.123.212",
              "20.7.123.115",
              "4.153.54.161",
              "20.7.124.28",
              "20.7.124.73",
              "20.7.124.114",
              "20.7.121.99",
              "20.7.126.113",
              "20.7.126.122",
              "20.7.126.157",
              "20.7.126.167",
              "20.7.126.198",
              "20.7.126.201",
              "20.7.126.216",
              "20.7.126.253",
              "20.7.127.28",
              "20.7.127.63",
              "20.7.120.205",
              "20.7.124.140",
              "20.7.124.176",
              "20.7.125.15",
              "20.7.125.109",
              "20.7.125.137",
              "20.7.125.194",
              "20.7.125.220",
              "4.153.54.101",
              "20.7.126.31",
              "20.7.126.55",
              "4.153.54.164",
              "20.7.121.157",
              "172.175.21.170",
              "172.175.17.194",
              "20.7.122.37",
              "4.153.54.47",
              "4.153.55.169",
              "20.7.122.219",
              "20.7.121.99",
              "20.7.126.113",
              "20.7.126.122",
              "20.7.126.157",
              "20.7.126.167",
              "20.7.126.198",
              "20.7.126.201",
              "20.7.126.216",
              "20.7.126.253",
              "20.7.127.28",
              "20.7.127.63",
              "20.7.120.205",
              "20.7.125.162",
              "20.7.121.146",
              "20.7.125.193",
              "20.7.125.119",
              "20.7.125.202",
              "20.7.125.240",
              "20.119.144.20"
            ],
            "possible_outbound_ip_addresses": "20.7.123.212,20.7.123.115,4.153.54.161,20.7.124.28,20.7.124.73,20.7.124.114,20.7.121.99,20.7.126.113,20.7.126.122,20.7.126.157,20.7.126.167,20.7.126.198,20.7.126.201,20.7.126.216,20.7.126.253,20.7.127.28,20.7.127.63,20.7.120.205,20.7.124.140,20.7.124.176,20.7.125.15,20.7.125.109,20.7.125.137,20.7.125.194,20.7.125.220,4.153.54.101,20.7.126.31,20.7.126.55,4.153.54.164,20.7.121.157,172.175.21.170,172.175.17.194,20.7.122.37,4.153.54.47,4.153.55.169,20.7.122.219,20.7.121.99,20.7.126.113,20.7.126.122,20.7.126.157,20.7.126.167,20.7.126.198,20.7.126.201,20.7.126.216,20.7.126.253,20.7.127.28,20.7.127.63,20.7.120.205,20.7.125.162,20.7.121.146,20.7.125.193,20.7.125.119,20.7.125.202,20.7.125.240,20.119.144.20",
            "public_network_access_enabled": true,
            "service_plan_id": "",
            "site_config": [
              {
                "always_on": true,
                "api_definition_url": "",
                "api_management_api_id": "",
                "app_command_line": "",
                "application_stack": [
                  {
                    "current_stack": "",
                    "docker_image_name": "",
                    "docker_registry_password": "",
                    "docker_registry_url": "",
                    "docker_registry_username": "",
                    "dotnet_core_version": "",
                    "dotnet_version": "v4.0",
                    "java_container": "",
                    "java_container_version": "",
                    "java_embedded_server_enabled": false,
                    "java_version": "",
                    "node_version": "",
                    "php_version": "5.6",
                    "python": false,
                    "tomcat_version": ""
                  }
                ],
                "auto_heal_setting": [],
                "auto_swap_slot_name": "",
                "container_registry_managed_identity_client_id": "",
                "container_registry_use_managed_identity": false,
                "cors": [],
                "default_documents": [
                  "Default.htm",
                  "Default.html",
                  "Default.asp",
                  "index.htm",
                  "index.html",
                  "iisstart.htm",
                  "default.aspx",
                  "index.php",
                  "hostingstart.html"
                ],
                "detailed_error_logging_enabled": false,
                "ftps_state": "Disabled",
                "handler_mapping": [],
                "health_check_eviction_time_in_min": 0,
                "health_check_path": "",
                "http2_enabled": false,
                "ip_restriction": [],
                "ip_restriction_default_action": "Allow",
                "load_balancing_mode": "LeastRequests",
                "local_mysql_enabled": false,
                "managed_pipeline_mode": "Integrated",
                "minimum_tls_version": "1.2",
                "remote_debugging_enabled": false,
                "remote_debugging_version": "VS2022",
                "scm_ip_restriction": [],
                "scm_ip_restriction_default_action": "Allow",
                "scm_minimum_tls_version": "1.2",
                "scm_type": "None",
                "scm_use_main_ip_restriction": false,
                "use_32_bit_worker": false,
                "virtual_application": [],
                "vnet_route_all_enabled": false,
                "websockets_enabled": false,
                "windows_fx_version": "",
                "worker_count": 1
              }
            ],
            "site_credential": [
              {
                "name": "$andre-savedra-robot-tB2-app__andre-savedra-robot-tB2-app-QA",
                "password": "3SEzH5TTjgbaojceNrhld9N8Rji2zsj8pvFrkjsmSTm0623rvkhA8meq2DLH"
              }
            ],
            "storage_account": [],
            "tags": null,
            "timeouts": null,
            "virtual_network_subnet_id": "",
            "webdeploy_publish_basic_authentication_enabled": true,
            "zip_deploy_file": ""
          },
          "sensitive_attributes": [
            [
              {
                "type": "get_attr",
                "value": "custom_domain_verification_id"
              }
            ],
            [
              {
                "type": "get_attr",
                "value": "site_credential"
              }
            ],
            [
              {
                "type": "get_attr",
                "value": "site_config"
              },
              {
                "type": "index",
                "value": {
                  "value": 0,
                  "type": "number"
                }
              },
              {
                "type": "get_attr",
                "value": "application_stack"
              },
              {
                "type": "index",
                "value": {
                  "value": 0,
                  "type": "number"
                }
              },
              {
                "type": "get_attr",
                "value": "docker_registry_password"
              }
            ]
          ],
          "private": "eyJlMmJmYjczMC1lY2FhLTExZTYtOGY4OC0zNDM2M2JjN2M0YzAiOnsiY3JlYXRlIjoxODAwMDAwMDAwMDAwLCJkZWxldGUiOjE4MDAwMDAwMDAwMDAsInJlYWQiOjMwMDAwMDAwMDAwMCwidXBkYXRlIjoxODAwMDAwMDAwMDAwfSwic2NoZW1hX3ZlcnNpb24iOiIxIn0=",
          "dependencies": [
            "azurerm_resource_group.andre-savedra-robot-tB2-group",
            "azurerm_service_plan.andre-savedra-robot-tB2-sp",
            "azurerm_windows_web_app.andre-savedra-robot-tB2-app"
          ]
        }
      ]
    }
  ],
  "check_results": null
}
