{
  "version": 4,
  "terraform_version": "1.9.5",
  "serial": 7,
  "lineage": "4c41d159-7977-52e3-00f8-278294fe96f5",
  "outputs": {},
  "resources": [
    {
      "mode": "managed",
      "type": "azurerm_resource_group",
      "name": "andre-savedra-robot-tB-group",
      "provider": "provider[\"registry.terraform.io/hashicorp/azurerm\"]",
      "instances": [
        {
          "schema_version": 0,
          "attributes": {
            "id": "/subscriptions/250ae9c3-6c33-4030-b72a-ed22fce22920/resourceGroups/andre-savedra-robot-tB-group",
            "location": "eastus2",
            "managed_by": "",
            "name": "andre-savedra-robot-tB-group",
            "tags": {},
            "timeouts": null
          },
          "sensitive_attributes": [],
          "private": "eyJlMmJmYjczMC1lY2FhLTExZTYtOGY4OC0zNDM2M2JjN2M0YzAiOnsiY3JlYXRlIjo1NDAwMDAwMDAwMDAwLCJkZWxldGUiOjU0MDAwMDAwMDAwMDAsInJlYWQiOjMwMDAwMDAwMDAwMCwidXBkYXRlIjo1NDAwMDAwMDAwMDAwfX0="
        }
      ]
    },
    {
      "mode": "managed",
      "type": "azurerm_service_plan",
      "name": "andre-savedra-robot-tB-sp",
      "provider": "provider[\"registry.terraform.io/hashicorp/azurerm\"]",
      "instances": [
        {
          "schema_version": 1,
          "attributes": {
            "app_service_environment_id": "",
            "id": "/subscriptions/250ae9c3-6c33-4030-b72a-ed22fce22920/resourceGroups/andre-savedra-robot-tB-group/providers/Microsoft.Web/serverFarms/andre-savedra-robot-tB-sp",
            "kind": "app",
            "location": "eastus2",
            "maximum_elastic_worker_count": 1,
            "name": "andre-savedra-robot-tB-sp",
            "os_type": "Windows",
            "per_site_scaling_enabled": false,
            "reserved": false,
            "resource_group_name": "andre-savedra-robot-tB-group",
            "sku_name": "S1",
            "tags": {},
            "timeouts": null,
            "worker_count": 1,
            "zone_balancing_enabled": false
          },
          "sensitive_attributes": [],
          "private": "eyJlMmJmYjczMC1lY2FhLTExZTYtOGY4OC0zNDM2M2JjN2M0YzAiOnsiY3JlYXRlIjozNjAwMDAwMDAwMDAwLCJkZWxldGUiOjM2MDAwMDAwMDAwMDAsInJlYWQiOjMwMDAwMDAwMDAwMCwidXBkYXRlIjozNjAwMDAwMDAwMDAwfSwic2NoZW1hX3ZlcnNpb24iOiIxIn0=",
          "dependencies": [
            "azurerm_resource_group.andre-savedra-robot-tB-group"
          ]
        }
      ]
    },
    {
      "mode": "managed",
      "type": "azurerm_windows_web_app",
      "name": "andre-savedra-robot-tB-app",
      "provider": "provider[\"registry.terraform.io/hashicorp/azurerm\"]",
      "instances": [
        {
          "schema_version": 1,
          "attributes": {
            "app_settings": {},
            "auth_settings": [],
            "auth_settings_v2": [],
            "backup": [],
            "client_affinity_enabled": false,
            "client_certificate_enabled": false,
            "client_certificate_exclusion_paths": "",
            "client_certificate_mode": "Required",
            "connection_string": [],
            "custom_domain_verification_id": "A20FD1DD24553625936AB5B41DE2EF7587D48487C39A0BACDD28821A1F09571F",
            "default_hostname": "andre-savedra-robot-tb-app.azurewebsites.net",
            "enabled": true,
            "ftp_publish_basic_authentication_enabled": true,
            "hosting_environment_id": "",
            "https_only": false,
            "id": "/subscriptions/250ae9c3-6c33-4030-b72a-ed22fce22920/resourceGroups/andre-savedra-robot-tB-group/providers/Microsoft.Web/sites/andre-savedra-robot-tB-app",
            "identity": [],
            "key_vault_reference_identity_id": "SystemAssigned",
            "kind": "app",
            "location": "eastus2",
            "logs": [],
            "name": "andre-savedra-robot-tB-app",
            "outbound_ip_address_list": [
              "52.167.57.98",
              "52.177.135.54",
              "40.70.240.103",
              "40.70.84.138",
              "40.70.147.9"
            ],
            "outbound_ip_addresses": "52.167.57.98,52.177.135.54,40.70.240.103,40.70.84.138,40.70.147.9",
            "possible_outbound_ip_address_list": [
              "52.167.57.98",
              "52.177.135.54",
              "40.70.240.103",
              "40.70.84.138",
              "52.177.6.194",
              "40.84.47.149",
              "40.84.47.50",
              "52.167.121.80",
              "52.225.195.140",
              "20.72.108.213",
              "20.72.108.227",
              "20.72.109.7",
              "20.72.109.8",
              "20.72.109.19",
              "20.72.109.52",
              "20.72.109.64",
              "20.72.109.70",
              "20.72.109.162",
              "20.72.110.12",
              "20.72.110.17",
              "20.72.110.110",
              "40.70.147.9"
            ],
            "possible_outbound_ip_addresses": "52.167.57.98,52.177.135.54,40.70.240.103,40.70.84.138,52.177.6.194,40.84.47.149,40.84.47.50,52.167.121.80,52.225.195.140,20.72.108.213,20.72.108.227,20.72.109.7,20.72.109.8,20.72.109.19,20.72.109.52,20.72.109.64,20.72.109.70,20.72.109.162,20.72.110.12,20.72.110.17,20.72.110.110,40.70.147.9",
            "public_network_access_enabled": true,
            "resource_group_name": "andre-savedra-robot-tB-group",
            "service_plan_id": "/subscriptions/250ae9c3-6c33-4030-b72a-ed22fce22920/resourceGroups/andre-savedra-robot-tB-group/providers/Microsoft.Web/serverFarms/andre-savedra-robot-tB-sp",
            "site_config": [
              {
                "always_on": false,
                "api_definition_url": "",
                "api_management_api_id": "",
                "app_command_line": "",
                "application_stack": [
                  {
                    "current_stack": "",
                    "docker_image_name": "",
                    "docker_registry_password": "",
                    "docker_registry_url": "",
                    "docker_registry_username": "",
                    "dotnet_core_version": "",
                    "dotnet_version": "v4.0",
                    "java_container": "",
                    "java_container_version": "",
                    "java_embedded_server_enabled": false,
                    "java_version": "",
                    "node_version": "",
                    "php_version": "5.6",
                    "python": false,
                    "tomcat_version": ""
                  }
                ],
                "auto_heal_setting": [],
                "container_registry_managed_identity_client_id": "",
                "container_registry_use_managed_identity": false,
                "cors": [],
                "default_documents": [
                  "Default.htm",
                  "Default.html",
                  "Default.asp",
                  "index.htm",
                  "index.html",
                  "iisstart.htm",
                  "default.aspx",
                  "index.php",
                  "hostingstart.html"
                ],
                "detailed_error_logging_enabled": false,
                "ftps_state": "Disabled",
                "handler_mapping": [],
                "health_check_eviction_time_in_min": 0,
                "health_check_path": "",
                "http2_enabled": false,
                "ip_restriction": [],
                "ip_restriction_default_action": "Allow",
                "linux_fx_version": "",
                "load_balancing_mode": "LeastRequests",
                "local_mysql_enabled": false,
                "managed_pipeline_mode": "Integrated",
                "minimum_tls_version": "1.2",
                "remote_debugging_enabled": false,
                "remote_debugging_version": "VS2022",
                "scm_ip_restriction": [],
                "scm_ip_restriction_default_action": "Allow",
                "scm_minimum_tls_version": "1.2",
                "scm_type": "None",
                "scm_use_main_ip_restriction": false,
                "use_32_bit_worker": true,
                "virtual_application": [],
                "vnet_route_all_enabled": false,
                "websockets_enabled": false,
                "windows_fx_version": "",
                "worker_count": 1
              }
            ],
            "site_credential": [
              {
                "name": "$andre-savedra-robot-tB-app",
                "password": "ZsJvBlnAsZ2XsK7TZsYY7uNpRY1XrkYMrd8cSrjmr2HzbF7gknHZilBqev7Y"
              }
            ],
            "sticky_settings": [],
            "storage_account": [],
            "tags": {},
            "timeouts": null,
            "virtual_network_subnet_id": "",
            "webdeploy_publish_basic_authentication_enabled": true,
            "zip_deploy_file": ""
          },
          "sensitive_attributes": [
            [
              {
                "type": "get_attr",
                "value": "site_config"
              },
              {
                "type": "index",
                "value": {
                  "value": 0,
                  "type": "number"
                }
              },
              {
                "type": "get_attr",
                "value": "application_stack"
              },
              {
                "type": "index",
                "value": {
                  "value": 0,
                  "type": "number"
                }
              },
              {
                "type": "get_attr",
                "value": "docker_registry_password"
              }
            ],
            [
              {
                "type": "get_attr",
                "value": "site_credential"
              }
            ],
            [
              {
                "type": "get_attr",
                "value": "custom_domain_verification_id"
              }
            ]
          ],
          "private": "eyJlMmJmYjczMC1lY2FhLTExZTYtOGY4OC0zNDM2M2JjN2M0YzAiOnsiY3JlYXRlIjoxODAwMDAwMDAwMDAwLCJkZWxldGUiOjE4MDAwMDAwMDAwMDAsInJlYWQiOjMwMDAwMDAwMDAwMCwidXBkYXRlIjoxODAwMDAwMDAwMDAwfSwic2NoZW1hX3ZlcnNpb24iOiIxIn0=",
          "dependencies": [
            "azurerm_resource_group.andre-savedra-robot-tB-group",
            "azurerm_service_plan.andre-savedra-robot-tB-sp"
          ]
        }
      ]
    },
    {
      "mode": "managed",
      "type": "azurerm_windows_web_app_slot",
      "name": "andre-savedra-robot-tB-app-QA",
      "provider": "provider[\"registry.terraform.io/hashicorp/azurerm\"]",
      "instances": [
        {
          "schema_version": 1,
          "attributes": {
            "app_service_id": "/subscriptions/250ae9c3-6c33-4030-b72a-ed22fce22920/resourceGroups/andre-savedra-robot-tB-group/providers/Microsoft.Web/sites/andre-savedra-robot-tB-app",
            "app_settings": null,
            "auth_settings": [],
            "auth_settings_v2": [],
            "backup": [],
            "client_affinity_enabled": false,
            "client_certificate_enabled": false,
            "client_certificate_exclusion_paths": "",
            "client_certificate_mode": "Required",
            "connection_string": [],
            "custom_domain_verification_id": "A20FD1DD24553625936AB5B41DE2EF7587D48487C39A0BACDD28821A1F09571F",
            "default_hostname": "andre-savedra-robot-tb-app-andre-savedra-robot-tb-app-qa.azurewebsites.net",
            "enabled": true,
            "ftp_publish_basic_authentication_enabled": true,
            "hosting_environment_id": "",
            "https_only": false,
            "id": "/subscriptions/250ae9c3-6c33-4030-b72a-ed22fce22920/resourceGroups/andre-savedra-robot-tB-group/providers/Microsoft.Web/sites/andre-savedra-robot-tB-app/slots/andre-savedra-robot-tB-app-QA",
            "identity": [],
            "key_vault_reference_identity_id": "SystemAssigned",
            "kind": "app",
            "logs": [],
            "name": "andre-savedra-robot-tB-app-QA",
            "outbound_ip_address_list": [
              "52.167.57.98",
              "52.177.135.54",
              "40.70.240.103",
              "40.70.84.138",
              "40.70.147.9"
            ],
            "outbound_ip_addresses": "52.167.57.98,52.177.135.54,40.70.240.103,40.70.84.138,40.70.147.9",
            "possible_outbound_ip_address_list": [
              "52.167.57.98",
              "52.177.135.54",
              "40.70.240.103",
              "40.70.84.138",
              "52.177.6.194",
              "40.84.47.149",
              "40.84.47.50",
              "52.167.121.80",
              "52.225.195.140",
              "20.72.108.213",
              "20.72.108.227",
              "20.72.109.7",
              "20.72.109.8",
              "20.72.109.19",
              "20.72.109.52",
              "20.72.109.64",
              "20.72.109.70",
              "20.72.109.162",
              "20.72.110.12",
              "20.72.110.17",
              "20.72.110.110",
              "40.70.147.9"
            ],
            "possible_outbound_ip_addresses": "52.167.57.98,52.177.135.54,40.70.240.103,40.70.84.138,52.177.6.194,40.84.47.149,40.84.47.50,52.167.121.80,52.225.195.140,20.72.108.213,20.72.108.227,20.72.109.7,20.72.109.8,20.72.109.19,20.72.109.52,20.72.109.64,20.72.109.70,20.72.109.162,20.72.110.12,20.72.110.17,20.72.110.110,40.70.147.9",
            "public_network_access_enabled": true,
            "service_plan_id": "",
            "site_config": [
              {
                "always_on": true,
                "api_definition_url": "",
                "api_management_api_id": "",
                "app_command_line": "",
                "application_stack": [
                  {
                    "current_stack": "",
                    "docker_image_name": "",
                    "docker_registry_password": "",
                    "docker_registry_url": "",
                    "docker_registry_username": "",
                    "dotnet_core_version": "",
                    "dotnet_version": "v4.0",
                    "java_container": "",
                    "java_container_version": "",
                    "java_embedded_server_enabled": false,
                    "java_version": "",
                    "node_version": "",
                    "php_version": "5.6",
                    "python": false,
                    "tomcat_version": ""
                  }
                ],
                "auto_heal_setting": [],
                "auto_swap_slot_name": "",
                "container_registry_managed_identity_client_id": "",
                "container_registry_use_managed_identity": false,
                "cors": [],
                "default_documents": [
                  "Default.htm",
                  "Default.html",
                  "Default.asp",
                  "index.htm",
                  "index.html",
                  "iisstart.htm",
                  "default.aspx",
                  "index.php",
                  "hostingstart.html"
                ],
                "detailed_error_logging_enabled": false,
                "ftps_state": "Disabled",
                "handler_mapping": [],
                "health_check_eviction_time_in_min": 0,
                "health_check_path": "",
                "http2_enabled": false,
                "ip_restriction": [],
                "ip_restriction_default_action": "Allow",
                "load_balancing_mode": "LeastRequests",
                "local_mysql_enabled": false,
                "managed_pipeline_mode": "Integrated",
                "minimum_tls_version": "1.2",
                "remote_debugging_enabled": false,
                "remote_debugging_version": "VS2022",
                "scm_ip_restriction": [],
                "scm_ip_restriction_default_action": "Allow",
                "scm_minimum_tls_version": "1.2",
                "scm_type": "None",
                "scm_use_main_ip_restriction": false,
                "use_32_bit_worker": false,
                "virtual_application": [],
                "vnet_route_all_enabled": false,
                "websockets_enabled": false,
                "windows_fx_version": "",
                "worker_count": 1
              }
            ],
            "site_credential": [
              {
                "name": "$andre-savedra-robot-tB-app__andre-savedra-robot-tB-app-QA",
                "password": "uqnBagxxvuYys7ZZRPKFfmZYB9GyGWZxlGQmj2EyaefehridW2rx9cvi6HW2"
              }
            ],
            "storage_account": [],
            "tags": null,
            "timeouts": null,
            "virtual_network_subnet_id": "",
            "webdeploy_publish_basic_authentication_enabled": true,
            "zip_deploy_file": ""
          },
          "sensitive_attributes": [
            [
              {
                "type": "get_attr",
                "value": "site_config"
              },
              {
                "type": "index",
                "value": {
                  "value": 0,
                  "type": "number"
                }
              },
              {
                "type": "get_attr",
                "value": "application_stack"
              },
              {
                "type": "index",
                "value": {
                  "value": 0,
                  "type": "number"
                }
              },
              {
                "type": "get_attr",
                "value": "docker_registry_password"
              }
            ],
            [
              {
                "type": "get_attr",
                "value": "site_credential"
              }
            ],
            [
              {
                "type": "get_attr",
                "value": "custom_domain_verification_id"
              }
            ]
          ],
          "private": "eyJlMmJmYjczMC1lY2FhLTExZTYtOGY4OC0zNDM2M2JjN2M0YzAiOnsiY3JlYXRlIjoxODAwMDAwMDAwMDAwLCJkZWxldGUiOjE4MDAwMDAwMDAwMDAsInJlYWQiOjMwMDAwMDAwMDAwMCwidXBkYXRlIjoxODAwMDAwMDAwMDAwfSwic2NoZW1hX3ZlcnNpb24iOiIxIn0=",
          "dependencies": [
            "azurerm_resource_group.andre-savedra-robot-tB-group",
            "azurerm_service_plan.andre-savedra-robot-tB-sp",
            "azurerm_windows_web_app.andre-savedra-robot-tB-app"
          ]
        }
      ]
    }
  ],
  "check_results": null
}
